
Microsoft Visual Studio Solution File, Format Version 12.00
# Visual Studio Version 17
VisualStudioVersion = 17.7.34024.191
MinimumVisualStudioVersion = 10.0.40219.1
Project("{9A19103F-16F7-4668-BE54-9A1E7A4F7556}") = "CapaPresentacion", "CapaPresentacion\CapaPresentacion.csproj", "{E2D19E2E-21DD-4B18-802C-62BFFE912D71}"
EndProject
Project("{9A19103F-16F7-4668-BE54-9A1E7A4F7556}") = "CapaEntidad", "CapaEntidad\CapaEntidad.csproj", "{88A879BD-F3F6-4BEF-BE34-0BF8AB48C727}"
EndProject
Project("{9A19103F-16F7-4668-BE54-9A1E7A4F7556}") = "CapaNegocio", "CapaNegocio\CapaNegocio.csproj", "{6CCE8FB8-D3CE-4870-BFED-3039B4E058E7}"
EndProject
Project("{9A19103F-16F7-4668-BE54-9A1E7A4F7556}") = "CapaDatos", "CapaDatos\CapaDatos.csproj", "{65074A88-4E1B-4205-B045-0EC77A0C6009}"
EndProject
Project("{2150E333-8FDC-42A3-9474-1A3956D46DE8}") = "Base de Datos", "Base de Datos", "{6EB17B48-419C-453A-9A00-52F3703B8669}"
	ProjectSection(SolutionItems) = preProject
		..\..\CodigosSQL\DBSistema_Venta_WindowsForm.sql = ..\..\CodigosSQL\DBSistema_Venta_WindowsForm.sql
		..\..\CodigosSQL\InsertSistemaVenta.sql = ..\..\CodigosSQL\InsertSistemaVenta.sql
	EndProjectSection
EndProject
Global
	GlobalSection(SolutionConfigurationPlatforms) = preSolution
		Debug|Any CPU = Debug|Any CPU
		Release|Any CPU = Release|Any CPU
	EndGlobalSection
	GlobalSection(ProjectConfigurationPlatforms) = postSolution
		{E2D19E2E-21DD-4B18-802C-62BFFE912D71}.Debug|Any CPU.ActiveCfg = Debug|Any CPU
		{E2D19E2E-21DD-4B18-802C-62BFFE912D71}.Debug|Any CPU.Build.0 = Debug|Any CPU
		{E2D19E2E-21DD-4B18-802C-62BFFE912D71}.Release|Any CPU.ActiveCfg = Release|Any CPU
		{E2D19E2E-21DD-4B18-802C-62BFFE912D71}.Release|Any CPU.Build.0 = Release|Any CPU
		{88A879BD-F3F6-4BEF-BE34-0BF8AB48C727}.Debug|Any CPU.ActiveCfg = Debug|Any CPU
		{88A879BD-F3F6-4BEF-BE34-0BF8AB48C727}.Debug|Any CPU.Build.0 = Debug|Any CPU
		{88A879BD-F3F6-4BEF-BE34-0BF8AB48C727}.Release|Any CPU.ActiveCfg = Release|Any CPU
		{88A879BD-F3F6-4BEF-BE34-0BF8AB48C727}.Release|Any CPU.Build.0 = Release|Any CPU
		{6CCE8FB8-D3CE-4870-BFED-3039B4E058E7}.Debug|Any CPU.ActiveCfg = Debug|Any CPU
		{6CCE8FB8-D3CE-4870-BFED-3039B4E058E7}.Debug|Any CPU.Build.0 = Debug|Any CPU
		{6CCE8FB8-D3CE-4870-BFED-3039B4E058E7}.Release|Any CPU.ActiveCfg = Release|Any CPU
		{6CCE8FB8-D3CE-4870-BFED-3039B4E058E7}.Release|Any CPU.Build.0 = Release|Any CPU
		{65074A88-4E1B-4205-B045-0EC77A0C6009}.Debug|Any CPU.ActiveCfg = Debug|Any CPU
		{65074A88-4E1B-4205-B045-0EC77A0C6009}.Debug|Any CPU.Build.0 = Debug|Any CPU
		{65074A88-4E1B-4205-B045-0EC77A0C6009}.Release|Any CPU.ActiveCfg = Release|Any CPU
		{65074A88-4E1B-4205-B045-0EC77A0C6009}.Release|Any CPU.Build.0 = Release|Any CPU
	EndGlobalSection
	GlobalSection(SolutionProperties) = preSolution
		HideSolutionNode = FALSE
	EndGlobalSection
	GlobalSection(ExtensibilityGlobals) = postSolution
		SolutionGuid = {80AA5061-3737-402B-BE76-80945547F7BA}
	EndGlobalSection
EndGlobal
